
Microsoft Visual Studio Solution File, Format Version 12.00
# Visual Studio 2017
Project("{FAE04EC0-301F-11D3-BF4B-00C04F79EFBC}") = "3D Platformer.Plugins", "3D Platformer.Plugins.csproj", "{A5EF5E4A-4FE9-1EDD-6447-9E24B75AEEC3}"
EndProject
Project("{FAE04EC0-301F-11D3-BF4B-00C04F79EFBC}") = "3D Platformer.Editor.Plugins", "3D Platformer.Editor.Plugins.csproj", "{6470D29B-5287-CA17-026E-196145E06AC9}"
EndProject
Project("{FAE04EC0-301F-11D3-BF4B-00C04F79EFBC}") = "Unity.PackageManagerUI.Editor", "Unity.PackageManagerUI.Editor.csproj", "{6877705C-FBD9-0C4F-5AFB-6FB431E5D39D}"
EndProject
Project("{FAE04EC0-301F-11D3-BF4B-00C04F79EFBC}") = "3D Platformer.Editor", "3D Platformer.Editor.csproj", "{C6C4E4A2-873D-89D1-0D24-58864DCD32AB}"
EndProject
Project("{FAE04EC0-301F-11D3-BF4B-00C04F79EFBC}") = "UnityEditor.StandardEvents", "UnityEditor.StandardEvents.csproj", "{6800202F-4402-D405-F8CB-03DC7BD78B92}"
EndProject
Global
	GlobalSection(SolutionConfigurationPlatforms) = preSolution
		Debug|Any CPU = Debug|Any CPU
		Release|Any CPU = Release|Any CPU
	EndGlobalSection
	GlobalSection(ProjectConfigurationPlatforms) = postSolution
		{A5EF5E4A-4FE9-1EDD-6447-9E24B75AEEC3}.Debug|Any CPU.ActiveCfg = Debug|Any CPU
		{A5EF5E4A-4FE9-1EDD-6447-9E24B75AEEC3}.Debug|Any CPU.Build.0 = Debug|Any CPU
		{A5EF5E4A-4FE9-1EDD-6447-9E24B75AEEC3}.Release|Any CPU.ActiveCfg = Release|Any CPU
		{A5EF5E4A-4FE9-1EDD-6447-9E24B75AEEC3}.Release|Any CPU.Build.0 = Release|Any CPU
		{6470D29B-5287-CA17-026E-196145E06AC9}.Debug|Any CPU.ActiveCfg = Debug|Any CPU
		{6470D29B-5287-CA17-026E-196145E06AC9}.Debug|Any CPU.Build.0 = Debug|Any CPU
		{6470D29B-5287-CA17-026E-196145E06AC9}.Release|Any CPU.ActiveCfg = Release|Any CPU
		{6470D29B-5287-CA17-026E-196145E06AC9}.Release|Any CPU.Build.0 = Release|Any CPU
		{6877705C-FBD9-0C4F-5AFB-6FB431E5D39D}.Debug|Any CPU.ActiveCfg = Debug|Any CPU
		{6877705C-FBD9-0C4F-5AFB-6FB431E5D39D}.Debug|Any CPU.Build.0 = Debug|Any CPU
		{6877705C-FBD9-0C4F-5AFB-6FB431E5D39D}.Release|Any CPU.ActiveCfg = Release|Any CPU
		{6877705C-FBD9-0C4F-5AFB-6FB431E5D39D}.Release|Any CPU.Build.0 = Release|Any CPU
		{C6C4E4A2-873D-89D1-0D24-58864DCD32AB}.Debug|Any CPU.ActiveCfg = Debug|Any CPU
		{C6C4E4A2-873D-89D1-0D24-58864DCD32AB}.Debug|Any CPU.Build.0 = Debug|Any CPU
		{C6C4E4A2-873D-89D1-0D24-58864DCD32AB}.Release|Any CPU.ActiveCfg = Release|Any CPU
		{C6C4E4A2-873D-89D1-0D24-58864DCD32AB}.Release|Any CPU.Build.0 = Release|Any CPU
		{6800202F-4402-D405-F8CB-03DC7BD78B92}.Debug|Any CPU.ActiveCfg = Debug|Any CPU
		{6800202F-4402-D405-F8CB-03DC7BD78B92}.Debug|Any CPU.Build.0 = Debug|Any CPU
		{6800202F-4402-D405-F8CB-03DC7BD78B92}.Release|Any CPU.ActiveCfg = Release|Any CPU
		{6800202F-4402-D405-F8CB-03DC7BD78B92}.Release|Any CPU.Build.0 = Release|Any CPU
	EndGlobalSection
	GlobalSection(SolutionProperties) = preSolution
		HideSolutionNode = FALSE
	EndGlobalSection
EndGlobal
